
Microsoft Visual Studio Solution File, Format Version 12.00
# Visual Studio 15
VisualStudioVersion = 15.0.26124.0
MinimumVisualStudioVersion = 15.0.26124.0
Project("{FAE04EC0-301F-11D3-BF4B-00C04F79EFBC}") = "day5_prj", "day5_prj\day5_prj.csproj", "{527AC4DE-9409-49A6-867A-33EABAA7D5D5}"
EndProject
Project("{FAE04EC0-301F-11D3-BF4B-00C04F79EFBC}") = "day6_prj", "day6_prj\day6_prj.csproj", "{5AA73A15-4447-4259-8B94-6D3DB118C967}"
EndProject
Global
	GlobalSection(SolutionConfigurationPlatforms) = preSolution
		Debug|Any CPU = Debug|Any CPU
		Debug|x64 = Debug|x64
		Debug|x86 = Debug|x86
		Release|Any CPU = Release|Any CPU
		Release|x64 = Release|x64
		Release|x86 = Release|x86
	EndGlobalSection
	GlobalSection(SolutionProperties) = preSolution
		HideSolutionNode = FALSE
	EndGlobalSection
	GlobalSection(ProjectConfigurationPlatforms) = postSolution
		{527AC4DE-9409-49A6-867A-33EABAA7D5D5}.Debug|Any CPU.ActiveCfg = Debug|Any CPU
		{527AC4DE-9409-49A6-867A-33EABAA7D5D5}.Debug|Any CPU.Build.0 = Debug|Any CPU
		{527AC4DE-9409-49A6-867A-33EABAA7D5D5}.Debug|x64.ActiveCfg = Debug|Any CPU
		{527AC4DE-9409-49A6-867A-33EABAA7D5D5}.Debug|x64.Build.0 = Debug|Any CPU
		{527AC4DE-9409-49A6-867A-33EABAA7D5D5}.Debug|x86.ActiveCfg = Debug|Any CPU
		{527AC4DE-9409-49A6-867A-33EABAA7D5D5}.Debug|x86.Build.0 = Debug|Any CPU
		{527AC4DE-9409-49A6-867A-33EABAA7D5D5}.Release|Any CPU.ActiveCfg = Release|Any CPU
		{527AC4DE-9409-49A6-867A-33EABAA7D5D5}.Release|Any CPU.Build.0 = Release|Any CPU
		{527AC4DE-9409-49A6-867A-33EABAA7D5D5}.Release|x64.ActiveCfg = Release|Any CPU
		{527AC4DE-9409-49A6-867A-33EABAA7D5D5}.Release|x64.Build.0 = Release|Any CPU
		{527AC4DE-9409-49A6-867A-33EABAA7D5D5}.Release|x86.ActiveCfg = Release|Any CPU
		{527AC4DE-9409-49A6-867A-33EABAA7D5D5}.Release|x86.Build.0 = Release|Any CPU
		{5AA73A15-4447-4259-8B94-6D3DB118C967}.Debug|Any CPU.ActiveCfg = Debug|Any CPU
		{5AA73A15-4447-4259-8B94-6D3DB118C967}.Debug|Any CPU.Build.0 = Debug|Any CPU
		{5AA73A15-4447-4259-8B94-6D3DB118C967}.Debug|x64.ActiveCfg = Debug|Any CPU
		{5AA73A15-4447-4259-8B94-6D3DB118C967}.Debug|x64.Build.0 = Debug|Any CPU
		{5AA73A15-4447-4259-8B94-6D3DB118C967}.Debug|x86.ActiveCfg = Debug|Any CPU
		{5AA73A15-4447-4259-8B94-6D3DB118C967}.Debug|x86.Build.0 = Debug|Any CPU
		{5AA73A15-4447-4259-8B94-6D3DB118C967}.Release|Any CPU.ActiveCfg = Release|Any CPU
		{5AA73A15-4447-4259-8B94-6D3DB118C967}.Release|Any CPU.Build.0 = Release|Any CPU
		{5AA73A15-4447-4259-8B94-6D3DB118C967}.Release|x64.ActiveCfg = Release|Any CPU
		{5AA73A15-4447-4259-8B94-6D3DB118C967}.Release|x64.Build.0 = Release|Any CPU
		{5AA73A15-4447-4259-8B94-6D3DB118C967}.Release|x86.ActiveCfg = Release|Any CPU
		{5AA73A15-4447-4259-8B94-6D3DB118C967}.Release|x86.Build.0 = Release|Any CPU
	EndGlobalSection
EndGlobal
